// !$*UTF8*$!
{
	archiveVersion = 1;
	classes = {
	};
	objectVersion = 54;
	objects = {

/* Begin PBXBuildFile section */
		0116A71FBC67415D88CE3AAC /* Roboto_SemiCondensed-ExtraBold.ttf in Resources */ = {isa = PBXBuildFile; fileRef = 18C215DD2FE04788B03EB9E9 /* Roboto_SemiCondensed-ExtraBold.ttf */; };
		017489EA122F4B46B8537C4D /* Roboto_Condensed-SemiBoldItalic.ttf in Resources */ = {isa = PBXBuildFile; fileRef = 2CEE1B93F3924CB6AF590026 /* Roboto_Condensed-SemiBoldItalic.ttf */; };
		0B908309A5F7451C9C226FD3 /* Roboto_SemiCondensed-Italic.ttf in Resources */ = {isa = PBXBuildFile; fileRef = D2AD95EEF7E44D1882294270 /* Roboto_SemiCondensed-Italic.ttf */; };
		0C80B921A6F3F58F76C31292 /* libPods-todolist.a in Frameworks */ = {isa = PBXBuildFile; fileRef = 5DCACB8F33CDC322A6C60F78 /* libPods-todolist.a */; };
		0CAD148A15024E298DF37BA4 /* Roboto-ExtraBold.ttf in Resources */ = {isa = PBXBuildFile; fileRef = 4110CBF0B69A40F0A3CAF99B /* Roboto-ExtraBold.ttf */; };
		13B07FBF1A68108700A75B9A /* Images.xcassets in Resources */ = {isa = PBXBuildFile; fileRef = 13B07FB51A68108700A75B9A /* Images.xcassets */; };
		1987CCDE883646AF94A6E58C /* Roboto-Thin.ttf in Resources */ = {isa = PBXBuildFile; fileRef = 48D1D8E193B647D18AC3F208 /* Roboto-Thin.ttf */; };
		1F0BC3A8C68D4D7ABC7ABA87 /* Roboto_Condensed-Light.ttf in Resources */ = {isa = PBXBuildFile; fileRef = 870CF482CE5F4060A4B438CA /* Roboto_Condensed-Light.ttf */; };
		1FA14008DFE7404695EB4E49 /* Roboto_Condensed-SemiBold.ttf in Resources */ = {isa = PBXBuildFile; fileRef = F0A44B866A1E4ED1A68F87F5 /* Roboto_Condensed-SemiBold.ttf */; };
		21C0638699B54A618B037310 /* Roboto_SemiCondensed-MediumItalic.ttf in Resources */ = {isa = PBXBuildFile; fileRef = AA858A62CCD340FD9EF1653F /* Roboto_SemiCondensed-MediumItalic.ttf */; };
		237BAAC30AE544699D472BA7 /* Roboto_Condensed-BlackItalic.ttf in Resources */ = {isa = PBXBuildFile; fileRef = E24D04AEF5064E72B19C9CF1 /* Roboto_Condensed-BlackItalic.ttf */; };
		23E8BD01FC52425986338F62 /* Roboto_SemiCondensed-ExtraLight.ttf in Resources */ = {isa = PBXBuildFile; fileRef = 99A3CD7B950247EE97D62DEB /* Roboto_SemiCondensed-ExtraLight.ttf */; };
		292F807AC9AA4C5188F636D0 /* Roboto_Condensed-Black.ttf in Resources */ = {isa = PBXBuildFile; fileRef = B566493A6665484DB1DF2880 /* Roboto_Condensed-Black.ttf */; };
		2FE1B1E93C484880B4A6D783 /* Roboto_Condensed-ExtraBoldItalic.ttf in Resources */ = {isa = PBXBuildFile; fileRef = C2DEF91A9E2447F8AB2EDE06 /* Roboto_Condensed-ExtraBoldItalic.ttf */; };
		347AF5A14A564AC390798D89 /* Roboto_Condensed-ExtraBold.ttf in Resources */ = {isa = PBXBuildFile; fileRef = 56B40B1BA7CC4053AB659822 /* Roboto_Condensed-ExtraBold.ttf */; };
		36BCED75EB6841BFBCF743E9 /* Roboto_Condensed-MediumItalic.ttf in Resources */ = {isa = PBXBuildFile; fileRef = A561F899376641F1AF0EC42D /* Roboto_Condensed-MediumItalic.ttf */; };
		39B84EF776B1474C8CFB92A8 /* Roboto_SemiCondensed-Thin.ttf in Resources */ = {isa = PBXBuildFile; fileRef = 77D7D9C1D8BD4F36AEAB83F9 /* Roboto_SemiCondensed-Thin.ttf */; };
		3FB19525F3AA429BAC1542FA /* Roboto-Bold.ttf in Resources */ = {isa = PBXBuildFile; fileRef = E9E24BEBA4A14029A41CE2A1 /* Roboto-Bold.ttf */; };
		40A27E3CC2644F5B8A86E867 /* Roboto-Regular.ttf in Resources */ = {isa = PBXBuildFile; fileRef = 8AE416D4B7134A929F7FA33E /* Roboto-Regular.ttf */; };
		470937D3FADF4EB59279F37E /* Roboto_SemiCondensed-SemiBold.ttf in Resources */ = {isa = PBXBuildFile; fileRef = D33E48A4444945CA9C6381B9 /* Roboto_SemiCondensed-SemiBold.ttf */; };
		4819677E13B9426EAD644D96 /* Roboto_SemiCondensed-Black.ttf in Resources */ = {isa = PBXBuildFile; fileRef = 2CD680271F03449494EAA5BE /* Roboto_SemiCondensed-Black.ttf */; };
		4C953846B84F4446B8C56064 /* Roboto-BoldItalic.ttf in Resources */ = {isa = PBXBuildFile; fileRef = BB51C6D106F448B5B72FA983 /* Roboto-BoldItalic.ttf */; };
		4F399E735C0344E289ECF625 /* Roboto_SemiCondensed-ExtraBoldItalic.ttf in Resources */ = {isa = PBXBuildFile; fileRef = AE155C6C7B6545319F6BBC2D /* Roboto_SemiCondensed-ExtraBoldItalic.ttf */; };
		5602E41D72FE4C5190F0319E /* Roboto-SemiBold.ttf in Resources */ = {isa = PBXBuildFile; fileRef = 1657B339E0234A9681F820F3 /* Roboto-SemiBold.ttf */; };
		56E58E0FBBA742CB8A3437A3 /* Roboto_SemiCondensed-LightItalic.ttf in Resources */ = {isa = PBXBuildFile; fileRef = 0EF499A9D9CF4CD193D64ACD /* Roboto_SemiCondensed-LightItalic.ttf */; };
		57BCA3FFF51D45ADBAB418D6 /* Roboto-Light.ttf in Resources */ = {isa = PBXBuildFile; fileRef = B4066A299E324563958BA248 /* Roboto-Light.ttf */; };
		58293F18E8664D259A142126 /* Roboto_Condensed-Italic.ttf in Resources */ = {isa = PBXBuildFile; fileRef = F0425E5CB58D4C09A7E7DB23 /* Roboto_Condensed-Italic.ttf */; };
		5BEBA555193646A0AA9F4D28 /* Roboto-Medium.ttf in Resources */ = {isa = PBXBuildFile; fileRef = B537AF22B1D94ABCBBCA8450 /* Roboto-Medium.ttf */; };
		628E7B523B044CF8B8694003 /* Roboto_SemiCondensed-SemiBoldItalic.ttf in Resources */ = {isa = PBXBuildFile; fileRef = B1768AA642C74D63BD19A093 /* Roboto_SemiCondensed-SemiBoldItalic.ttf */; };
		672EBC0B87944C88AC567E08 /* Roboto_Condensed-BoldItalic.ttf in Resources */ = {isa = PBXBuildFile; fileRef = 5A5B88AB5195462CA38788A3 /* Roboto_Condensed-BoldItalic.ttf */; };
		6FEEF7AC7C2B4A268F005D2A /* Roboto-ExtraLight.ttf in Resources */ = {isa = PBXBuildFile; fileRef = AD250BC0B4B44C1594248F17 /* Roboto-ExtraLight.ttf */; };
		751B040A38E644378E8C1EDC /* Roboto-ThinItalic.ttf in Resources */ = {isa = PBXBuildFile; fileRef = 5F9F0FA2F5C247A5B57C6EFC /* Roboto-ThinItalic.ttf */; };
		761780ED2CA45674006654EE /* AppDelegate.swift in Sources */ = {isa = PBXBuildFile; fileRef = 761780EC2CA45674006654EE /* AppDelegate.swift */; };
		7AA48FD49B5C4D1D984DC89B /* Roboto-Italic.ttf in Resources */ = {isa = PBXBuildFile; fileRef = 44ED23987A874FB19E5F52C3 /* Roboto-Italic.ttf */; };
		7BEA606578314196869AA654 /* Roboto-Black.ttf in Resources */ = {isa = PBXBuildFile; fileRef = 1DE5C885D05B460CA29D78A6 /* Roboto-Black.ttf */; };
		81AB9BB82411601600AC10FF /* LaunchScreen.storyboard in Resources */ = {isa = PBXBuildFile; fileRef = 81AB9BB72411601600AC10FF /* LaunchScreen.storyboard */; };
		83A23F4C9D1C4E6BA418FC2F /* Roboto_SemiCondensed-ExtraLightItalic.ttf in Resources */ = {isa = PBXBuildFile; fileRef = 0B5414E312644C889FDD8C0A /* Roboto_SemiCondensed-ExtraLightItalic.ttf */; };
		918FFE05D47D47C2987B2925 /* Roboto_SemiCondensed-BlackItalic.ttf in Resources */ = {isa = PBXBuildFile; fileRef = EAB742A516BE4BDD8F244874 /* Roboto_SemiCondensed-BlackItalic.ttf */; };
		98353F759E974E69B5C1570F /* Roboto-BlackItalic.ttf in Resources */ = {isa = PBXBuildFile; fileRef = 2A369DBCC4EF48B1A73325D0 /* Roboto-BlackItalic.ttf */; };
		9AD3EFDDE82147D99BBD67A0 /* Roboto-ExtraBoldItalic.ttf in Resources */ = {isa = PBXBuildFile; fileRef = 3223CBA4715F46B082FDD17D /* Roboto-ExtraBoldItalic.ttf */; };
		9FAEEDF41EBD46E2885A39A5 /* Roboto_Condensed-ThinItalic.ttf in Resources */ = {isa = PBXBuildFile; fileRef = AD9DE22713B046DB90B4E5C9 /* Roboto_Condensed-ThinItalic.ttf */; };
		A36F89904E62419F8A6CA781 /* Roboto_SemiCondensed-ThinItalic.ttf in Resources */ = {isa = PBXBuildFile; fileRef = 47A06763A7754F4EA3047D1E /* Roboto_SemiCondensed-ThinItalic.ttf */; };
		AD6AC07743234419B5C7B357 /* Roboto-MediumItalic.ttf in Resources */ = {isa = PBXBuildFile; fileRef = D0FAA586605A4405AF0A20B1 /* Roboto-MediumItalic.ttf */; };
		B8CBB34E460B40BDBC67681B /* Roboto-LightItalic.ttf in Resources */ = {isa = PBXBuildFile; fileRef = 9C77BBCDA8AB4F7C8B3D13E2 /* Roboto-LightItalic.ttf */; };
		BBE83961E7CC4905B17D5B87 /* Roboto-SemiBoldItalic.ttf in Resources */ = {isa = PBXBuildFile; fileRef = 8D0C56DBD34F42D38498FB0F /* Roboto-SemiBoldItalic.ttf */; };
		BDA579D8FEE94765B71A5660 /* Roboto_Condensed-Thin.ttf in Resources */ = {isa = PBXBuildFile; fileRef = 7D833F65C8D443A79B49B968 /* Roboto_Condensed-Thin.ttf */; };
		C3E0A46712D249959423B8BE /* Roboto-ExtraLightItalic.ttf in Resources */ = {isa = PBXBuildFile; fileRef = F000BBBE5E944FC7BC4EDD39 /* Roboto-ExtraLightItalic.ttf */; };
		C569EA4CBDA84FC9AC5659A4 /* Roboto_Condensed-ExtraLight.ttf in Resources */ = {isa = PBXBuildFile; fileRef = 9B925C2B2A204BA891B6E34D /* Roboto_Condensed-ExtraLight.ttf */; };
		C5E773722EA83220882312A7 /* PrivacyInfo.xcprivacy in Resources */ = {isa = PBXBuildFile; fileRef = 13B07FB81A68108700A75B9A /* PrivacyInfo.xcprivacy */; };
		D229030F0A154BA3B43028B2 /* Roboto_Condensed-LightItalic.ttf in Resources */ = {isa = PBXBuildFile; fileRef = 338F09A603634E8D86DE5431 /* Roboto_Condensed-LightItalic.ttf */; };
		D531DAC1B5B04A51A611284E /* Roboto_SemiCondensed-Regular.ttf in Resources */ = {isa = PBXBuildFile; fileRef = 3F66938F2CBF4EFCB988D143 /* Roboto_SemiCondensed-Regular.ttf */; };
		D6F6ECBAD0804EEEADE0BC54 /* Roboto_Condensed-Regular.ttf in Resources */ = {isa = PBXBuildFile; fileRef = A7C87477383C40D38494F955 /* Roboto_Condensed-Regular.ttf */; };
		D7A1E717D155409A9483CBCE /* Roboto_SemiCondensed-Light.ttf in Resources */ = {isa = PBXBuildFile; fileRef = 694E8D4A8AE54B5CA070789D /* Roboto_SemiCondensed-Light.ttf */; };
		D9D6CAD3CE7D4B8DB023A0A3 /* Roboto_Condensed-ExtraLightItalic.ttf in Resources */ = {isa = PBXBuildFile; fileRef = 0BB504140A904C41A3C01E37 /* Roboto_Condensed-ExtraLightItalic.ttf */; };
		E253AAB4E26644DBAE000083 /* Roboto_Condensed-Bold.ttf in Resources */ = {isa = PBXBuildFile; fileRef = CB3B7A1851E843CE817D041A /* Roboto_Condensed-Bold.ttf */; };
		E72E7B0CA8C141AAA7E64ECD /* Roboto_Condensed-Medium.ttf in Resources */ = {isa = PBXBuildFile; fileRef = 8667BD882CCF48C49010F9D5 /* Roboto_Condensed-Medium.ttf */; };
		EA7F1F0250424DB3866D569D /* Roboto_SemiCondensed-Bold.ttf in Resources */ = {isa = PBXBuildFile; fileRef = 7F9BCA32026E4B568F3C41C8 /* Roboto_SemiCondensed-Bold.ttf */; };
		F488985B2B1A44AFB2840508 /* Roboto_SemiCondensed-Medium.ttf in Resources */ = {isa = PBXBuildFile; fileRef = 41F4A91D38C140558E352F67 /* Roboto_SemiCondensed-Medium.ttf */; };
		FA707A1DDE054201A56751B8 /* Roboto_SemiCondensed-BoldItalic.ttf in Resources */ = {isa = PBXBuildFile; fileRef = 167F17052AB84222958E026A /* Roboto_SemiCondensed-BoldItalic.ttf */; };
/* End PBXBuildFile section */

/* Begin PBXFileReference section */
		0B5414E312644C889FDD8C0A /* Roboto_SemiCondensed-ExtraLightItalic.ttf */ = {isa = PBXFileReference; explicitFileType = undefined; fileEncoding = 9; includeInIndex = 0; lastKnownFileType = unknown; name = "Roboto_SemiCondensed-ExtraLightItalic.ttf"; path = "../assets/fonts/Roboto_SemiCondensed-ExtraLightItalic.ttf"; sourceTree = "<group>"; };
		0BB504140A904C41A3C01E37 /* Roboto_Condensed-ExtraLightItalic.ttf */ = {isa = PBXFileReference; explicitFileType = undefined; fileEncoding = 9; includeInIndex = 0; lastKnownFileType = unknown; name = "Roboto_Condensed-ExtraLightItalic.ttf"; path = "../assets/fonts/Roboto_Condensed-ExtraLightItalic.ttf"; sourceTree = "<group>"; };
		0EF499A9D9CF4CD193D64ACD /* Roboto_SemiCondensed-LightItalic.ttf */ = {isa = PBXFileReference; explicitFileType = undefined; fileEncoding = 9; includeInIndex = 0; lastKnownFileType = unknown; name = "Roboto_SemiCondensed-LightItalic.ttf"; path = "../assets/fonts/Roboto_SemiCondensed-LightItalic.ttf"; sourceTree = "<group>"; };
		13B07F961A680F5B00A75B9A /* todolist.app */ = {isa = PBXFileReference; explicitFileType = wrapper.application; includeInIndex = 0; path = todolist.app; sourceTree = BUILT_PRODUCTS_DIR; };
		13B07FB51A68108700A75B9A /* Images.xcassets */ = {isa = PBXFileReference; lastKnownFileType = folder.assetcatalog; name = Images.xcassets; path = todolist/Images.xcassets; sourceTree = "<group>"; };
		13B07FB61A68108700A75B9A /* Info.plist */ = {isa = PBXFileReference; fileEncoding = 4; lastKnownFileType = text.plist.xml; name = Info.plist; path = todolist/Info.plist; sourceTree = "<group>"; };
		13B07FB81A68108700A75B9A /* PrivacyInfo.xcprivacy */ = {isa = PBXFileReference; fileEncoding = 4; lastKnownFileType = text.plist.xml; name = PrivacyInfo.xcprivacy; path = todolist/PrivacyInfo.xcprivacy; sourceTree = "<group>"; };
		1657B339E0234A9681F820F3 /* Roboto-SemiBold.ttf */ = {isa = PBXFileReference; explicitFileType = undefined; fileEncoding = 9; includeInIndex = 0; lastKnownFileType = unknown; name = "Roboto-SemiBold.ttf"; path = "../assets/fonts/Roboto-SemiBold.ttf"; sourceTree = "<group>"; };
		167F17052AB84222958E026A /* Roboto_SemiCondensed-BoldItalic.ttf */ = {isa = PBXFileReference; explicitFileType = undefined; fileEncoding = 9; includeInIndex = 0; lastKnownFileType = unknown; name = "Roboto_SemiCondensed-BoldItalic.ttf"; path = "../assets/fonts/Roboto_SemiCondensed-BoldItalic.ttf"; sourceTree = "<group>"; };
		18C215DD2FE04788B03EB9E9 /* Roboto_SemiCondensed-ExtraBold.ttf */ = {isa = PBXFileReference; explicitFileType = undefined; fileEncoding = 9; includeInIndex = 0; lastKnownFileType = unknown; name = "Roboto_SemiCondensed-ExtraBold.ttf"; path = "../assets/fonts/Roboto_SemiCondensed-ExtraBold.ttf"; sourceTree = "<group>"; };
		1DE5C885D05B460CA29D78A6 /* Roboto-Black.ttf */ = {isa = PBXFileReference; explicitFileType = undefined; fileEncoding = 9; includeInIndex = 0; lastKnownFileType = unknown; name = "Roboto-Black.ttf"; path = "../assets/fonts/Roboto-Black.ttf"; sourceTree = "<group>"; };
		2A369DBCC4EF48B1A73325D0 /* Roboto-BlackItalic.ttf */ = {isa = PBXFileReference; explicitFileType = undefined; fileEncoding = 9; includeInIndex = 0; lastKnownFileType = unknown; name = "Roboto-BlackItalic.ttf"; path = "../assets/fonts/Roboto-BlackItalic.ttf"; sourceTree = "<group>"; };
		2CD680271F03449494EAA5BE /* Roboto_SemiCondensed-Black.ttf */ = {isa = PBXFileReference; explicitFileType = undefined; fileEncoding = 9; includeInIndex = 0; lastKnownFileType = unknown; name = "Roboto_SemiCondensed-Black.ttf"; path = "../assets/fonts/Roboto_SemiCondensed-Black.ttf"; sourceTree = "<group>"; };
		2CEE1B93F3924CB6AF590026 /* Roboto_Condensed-SemiBoldItalic.ttf */ = {isa = PBXFileReference; explicitFileType = undefined; fileEncoding = 9; includeInIndex = 0; lastKnownFileType = unknown; name = "Roboto_Condensed-SemiBoldItalic.ttf"; path = "../assets/fonts/Roboto_Condensed-SemiBoldItalic.ttf"; sourceTree = "<group>"; };
		3223CBA4715F46B082FDD17D /* Roboto-ExtraBoldItalic.ttf */ = {isa = PBXFileReference; explicitFileType = undefined; fileEncoding = 9; includeInIndex = 0; lastKnownFileType = unknown; name = "Roboto-ExtraBoldItalic.ttf"; path = "../assets/fonts/Roboto-ExtraBoldItalic.ttf"; sourceTree = "<group>"; };
		338F09A603634E8D86DE5431 /* Roboto_Condensed-LightItalic.ttf */ = {isa = PBXFileReference; explicitFileType = undefined; fileEncoding = 9; includeInIndex = 0; lastKnownFileType = unknown; name = "Roboto_Condensed-LightItalic.ttf"; path = "../assets/fonts/Roboto_Condensed-LightItalic.ttf"; sourceTree = "<group>"; };
		3B4392A12AC88292D35C810B /* Pods-todolist.debug.xcconfig */ = {isa = PBXFileReference; includeInIndex = 1; lastKnownFileType = text.xcconfig; name = "Pods-todolist.debug.xcconfig"; path = "Target Support Files/Pods-todolist/Pods-todolist.debug.xcconfig"; sourceTree = "<group>"; };
		3F66938F2CBF4EFCB988D143 /* Roboto_SemiCondensed-Regular.ttf */ = {isa = PBXFileReference; explicitFileType = undefined; fileEncoding = 9; includeInIndex = 0; lastKnownFileType = unknown; name = "Roboto_SemiCondensed-Regular.ttf"; path = "../assets/fonts/Roboto_SemiCondensed-Regular.ttf"; sourceTree = "<group>"; };
		4110CBF0B69A40F0A3CAF99B /* Roboto-ExtraBold.ttf */ = {isa = PBXFileReference; explicitFileType = undefined; fileEncoding = 9; includeInIndex = 0; lastKnownFileType = unknown; name = "Roboto-ExtraBold.ttf"; path = "../assets/fonts/Roboto-ExtraBold.ttf"; sourceTree = "<group>"; };
		41F4A91D38C140558E352F67 /* Roboto_SemiCondensed-Medium.ttf */ = {isa = PBXFileReference; explicitFileType = undefined; fileEncoding = 9; includeInIndex = 0; lastKnownFileType = unknown; name = "Roboto_SemiCondensed-Medium.ttf"; path = "../assets/fonts/Roboto_SemiCondensed-Medium.ttf"; sourceTree = "<group>"; };
		44ED23987A874FB19E5F52C3 /* Roboto-Italic.ttf */ = {isa = PBXFileReference; explicitFileType = undefined; fileEncoding = 9; includeInIndex = 0; lastKnownFileType = unknown; name = "Roboto-Italic.ttf"; path = "../assets/fonts/Roboto-Italic.ttf"; sourceTree = "<group>"; };
		47A06763A7754F4EA3047D1E /* Roboto_SemiCondensed-ThinItalic.ttf */ = {isa = PBXFileReference; explicitFileType = undefined; fileEncoding = 9; includeInIndex = 0; lastKnownFileType = unknown; name = "Roboto_SemiCondensed-ThinItalic.ttf"; path = "../assets/fonts/Roboto_SemiCondensed-ThinItalic.ttf"; sourceTree = "<group>"; };
		48D1D8E193B647D18AC3F208 /* Roboto-Thin.ttf */ = {isa = PBXFileReference; explicitFileType = undefined; fileEncoding = 9; includeInIndex = 0; lastKnownFileType = unknown; name = "Roboto-Thin.ttf"; path = "../assets/fonts/Roboto-Thin.ttf"; sourceTree = "<group>"; };
		56B40B1BA7CC4053AB659822 /* Roboto_Condensed-ExtraBold.ttf */ = {isa = PBXFileReference; explicitFileType = undefined; fileEncoding = 9; includeInIndex = 0; lastKnownFileType = unknown; name = "Roboto_Condensed-ExtraBold.ttf"; path = "../assets/fonts/Roboto_Condensed-ExtraBold.ttf"; sourceTree = "<group>"; };
		5709B34CF0A7D63546082F79 /* Pods-todolist.release.xcconfig */ = {isa = PBXFileReference; includeInIndex = 1; lastKnownFileType = text.xcconfig; name = "Pods-todolist.release.xcconfig"; path = "Target Support Files/Pods-todolist/Pods-todolist.release.xcconfig"; sourceTree = "<group>"; };
		5A5B88AB5195462CA38788A3 /* Roboto_Condensed-BoldItalic.ttf */ = {isa = PBXFileReference; explicitFileType = undefined; fileEncoding = 9; includeInIndex = 0; lastKnownFileType = unknown; name = "Roboto_Condensed-BoldItalic.ttf"; path = "../assets/fonts/Roboto_Condensed-BoldItalic.ttf"; sourceTree = "<group>"; };
		5DCACB8F33CDC322A6C60F78 /* libPods-todolist.a */ = {isa = PBXFileReference; explicitFileType = archive.ar; includeInIndex = 0; path = "libPods-todolist.a"; sourceTree = BUILT_PRODUCTS_DIR; };
		5F9F0FA2F5C247A5B57C6EFC /* Roboto-ThinItalic.ttf */ = {isa = PBXFileReference; explicitFileType = undefined; fileEncoding = 9; includeInIndex = 0; lastKnownFileType = unknown; name = "Roboto-ThinItalic.ttf"; path = "../assets/fonts/Roboto-ThinItalic.ttf"; sourceTree = "<group>"; };
		694E8D4A8AE54B5CA070789D /* Roboto_SemiCondensed-Light.ttf */ = {isa = PBXFileReference; explicitFileType = undefined; fileEncoding = 9; includeInIndex = 0; lastKnownFileType = unknown; name = "Roboto_SemiCondensed-Light.ttf"; path = "../assets/fonts/Roboto_SemiCondensed-Light.ttf"; sourceTree = "<group>"; };
		761780EC2CA45674006654EE /* AppDelegate.swift */ = {isa = PBXFileReference; lastKnownFileType = sourcecode.swift; name = AppDelegate.swift; path = todolist/AppDelegate.swift; sourceTree = "<group>"; };
		77D7D9C1D8BD4F36AEAB83F9 /* Roboto_SemiCondensed-Thin.ttf */ = {isa = PBXFileReference; explicitFileType = undefined; fileEncoding = 9; includeInIndex = 0; lastKnownFileType = unknown; name = "Roboto_SemiCondensed-Thin.ttf"; path = "../assets/fonts/Roboto_SemiCondensed-Thin.ttf"; sourceTree = "<group>"; };
		7D833F65C8D443A79B49B968 /* Roboto_Condensed-Thin.ttf */ = {isa = PBXFileReference; explicitFileType = undefined; fileEncoding = 9; includeInIndex = 0; lastKnownFileType = unknown; name = "Roboto_Condensed-Thin.ttf"; path = "../assets/fonts/Roboto_Condensed-Thin.ttf"; sourceTree = "<group>"; };
		7F9BCA32026E4B568F3C41C8 /* Roboto_SemiCondensed-Bold.ttf */ = {isa = PBXFileReference; explicitFileType = undefined; fileEncoding = 9; includeInIndex = 0; lastKnownFileType = unknown; name = "Roboto_SemiCondensed-Bold.ttf"; path = "../assets/fonts/Roboto_SemiCondensed-Bold.ttf"; sourceTree = "<group>"; };
		81AB9BB72411601600AC10FF /* LaunchScreen.storyboard */ = {isa = PBXFileReference; fileEncoding = 4; lastKnownFileType = file.storyboard; name = LaunchScreen.storyboard; path = todolist/LaunchScreen.storyboard; sourceTree = "<group>"; };
		8667BD882CCF48C49010F9D5 /* Roboto_Condensed-Medium.ttf */ = {isa = PBXFileReference; explicitFileType = undefined; fileEncoding = 9; includeInIndex = 0; lastKnownFileType = unknown; name = "Roboto_Condensed-Medium.ttf"; path = "../assets/fonts/Roboto_Condensed-Medium.ttf"; sourceTree = "<group>"; };
		870CF482CE5F4060A4B438CA /* Roboto_Condensed-Light.ttf */ = {isa = PBXFileReference; explicitFileType = undefined; fileEncoding = 9; includeInIndex = 0; lastKnownFileType = unknown; name = "Roboto_Condensed-Light.ttf"; path = "../assets/fonts/Roboto_Condensed-Light.ttf"; sourceTree = "<group>"; };
		8AE416D4B7134A929F7FA33E /* Roboto-Regular.ttf */ = {isa = PBXFileReference; explicitFileType = undefined; fileEncoding = 9; includeInIndex = 0; lastKnownFileType = unknown; name = "Roboto-Regular.ttf"; path = "../assets/fonts/Roboto-Regular.ttf"; sourceTree = "<group>"; };
		8D0C56DBD34F42D38498FB0F /* Roboto-SemiBoldItalic.ttf */ = {isa = PBXFileReference; explicitFileType = undefined; fileEncoding = 9; includeInIndex = 0; lastKnownFileType = unknown; name = "Roboto-SemiBoldItalic.ttf"; path = "../assets/fonts/Roboto-SemiBoldItalic.ttf"; sourceTree = "<group>"; };
		99A3CD7B950247EE97D62DEB /* Roboto_SemiCondensed-ExtraLight.ttf */ = {isa = PBXFileReference; explicitFileType = undefined; fileEncoding = 9; includeInIndex = 0; lastKnownFileType = unknown; name = "Roboto_SemiCondensed-ExtraLight.ttf"; path = "../assets/fonts/Roboto_SemiCondensed-ExtraLight.ttf"; sourceTree = "<group>"; };
		9B925C2B2A204BA891B6E34D /* Roboto_Condensed-ExtraLight.ttf */ = {isa = PBXFileReference; explicitFileType = undefined; fileEncoding = 9; includeInIndex = 0; lastKnownFileType = unknown; name = "Roboto_Condensed-ExtraLight.ttf"; path = "../assets/fonts/Roboto_Condensed-ExtraLight.ttf"; sourceTree = "<group>"; };
		9C77BBCDA8AB4F7C8B3D13E2 /* Roboto-LightItalic.ttf */ = {isa = PBXFileReference; explicitFileType = undefined; fileEncoding = 9; includeInIndex = 0; lastKnownFileType = unknown; name = "Roboto-LightItalic.ttf"; path = "../assets/fonts/Roboto-LightItalic.ttf"; sourceTree = "<group>"; };
		A561F899376641F1AF0EC42D /* Roboto_Condensed-MediumItalic.ttf */ = {isa = PBXFileReference; explicitFileType = undefined; fileEncoding = 9; includeInIndex = 0; lastKnownFileType = unknown; name = "Roboto_Condensed-MediumItalic.ttf"; path = "../assets/fonts/Roboto_Condensed-MediumItalic.ttf"; sourceTree = "<group>"; };
		A7C87477383C40D38494F955 /* Roboto_Condensed-Regular.ttf */ = {isa = PBXFileReference; explicitFileType = undefined; fileEncoding = 9; includeInIndex = 0; lastKnownFileType = unknown; name = "Roboto_Condensed-Regular.ttf"; path = "../assets/fonts/Roboto_Condensed-Regular.ttf"; sourceTree = "<group>"; };
		AA858A62CCD340FD9EF1653F /* Roboto_SemiCondensed-MediumItalic.ttf */ = {isa = PBXFileReference; explicitFileType = undefined; fileEncoding = 9; includeInIndex = 0; lastKnownFileType = unknown; name = "Roboto_SemiCondensed-MediumItalic.ttf"; path = "../assets/fonts/Roboto_SemiCondensed-MediumItalic.ttf"; sourceTree = "<group>"; };
		AD250BC0B4B44C1594248F17 /* Roboto-ExtraLight.ttf */ = {isa = PBXFileReference; explicitFileType = undefined; fileEncoding = 9; includeInIndex = 0; lastKnownFileType = unknown; name = "Roboto-ExtraLight.ttf"; path = "../assets/fonts/Roboto-ExtraLight.ttf"; sourceTree = "<group>"; };
		AD9DE22713B046DB90B4E5C9 /* Roboto_Condensed-ThinItalic.ttf */ = {isa = PBXFileReference; explicitFileType = undefined; fileEncoding = 9; includeInIndex = 0; lastKnownFileType = unknown; name = "Roboto_Condensed-ThinItalic.ttf"; path = "../assets/fonts/Roboto_Condensed-ThinItalic.ttf"; sourceTree = "<group>"; };
		AE155C6C7B6545319F6BBC2D /* Roboto_SemiCondensed-ExtraBoldItalic.ttf */ = {isa = PBXFileReference; explicitFileType = undefined; fileEncoding = 9; includeInIndex = 0; lastKnownFileType = unknown; name = "Roboto_SemiCondensed-ExtraBoldItalic.ttf"; path = "../assets/fonts/Roboto_SemiCondensed-ExtraBoldItalic.ttf"; sourceTree = "<group>"; };
		B1768AA642C74D63BD19A093 /* Roboto_SemiCondensed-SemiBoldItalic.ttf */ = {isa = PBXFileReference; explicitFileType = undefined; fileEncoding = 9; includeInIndex = 0; lastKnownFileType = unknown; name = "Roboto_SemiCondensed-SemiBoldItalic.ttf"; path = "../assets/fonts/Roboto_SemiCondensed-SemiBoldItalic.ttf"; sourceTree = "<group>"; };
		B4066A299E324563958BA248 /* Roboto-Light.ttf */ = {isa = PBXFileReference; explicitFileType = undefined; fileEncoding = 9; includeInIndex = 0; lastKnownFileType = unknown; name = "Roboto-Light.ttf"; path = "../assets/fonts/Roboto-Light.ttf"; sourceTree = "<group>"; };
		B537AF22B1D94ABCBBCA8450 /* Roboto-Medium.ttf */ = {isa = PBXFileReference; explicitFileType = undefined; fileEncoding = 9; includeInIndex = 0; lastKnownFileType = unknown; name = "Roboto-Medium.ttf"; path = "../assets/fonts/Roboto-Medium.ttf"; sourceTree = "<group>"; };
		B566493A6665484DB1DF2880 /* Roboto_Condensed-Black.ttf */ = {isa = PBXFileReference; explicitFileType = undefined; fileEncoding = 9; includeInIndex = 0; lastKnownFileType = unknown; name = "Roboto_Condensed-Black.ttf"; path = "../assets/fonts/Roboto_Condensed-Black.ttf"; sourceTree = "<group>"; };
		BB51C6D106F448B5B72FA983 /* Roboto-BoldItalic.ttf */ = {isa = PBXFileReference; explicitFileType = undefined; fileEncoding = 9; includeInIndex = 0; lastKnownFileType = unknown; name = "Roboto-BoldItalic.ttf"; path = "../assets/fonts/Roboto-BoldItalic.ttf"; sourceTree = "<group>"; };
		C2DEF91A9E2447F8AB2EDE06 /* Roboto_Condensed-ExtraBoldItalic.ttf */ = {isa = PBXFileReference; explicitFileType = undefined; fileEncoding = 9; includeInIndex = 0; lastKnownFileType = unknown; name = "Roboto_Condensed-ExtraBoldItalic.ttf"; path = "../assets/fonts/Roboto_Condensed-ExtraBoldItalic.ttf"; sourceTree = "<group>"; };
		CB3B7A1851E843CE817D041A /* Roboto_Condensed-Bold.ttf */ = {isa = PBXFileReference; explicitFileType = undefined; fileEncoding = 9; includeInIndex = 0; lastKnownFileType = unknown; name = "Roboto_Condensed-Bold.ttf"; path = "../assets/fonts/Roboto_Condensed-Bold.ttf"; sourceTree = "<group>"; };
		D0FAA586605A4405AF0A20B1 /* Roboto-MediumItalic.ttf */ = {isa = PBXFileReference; explicitFileType = undefined; fileEncoding = 9; includeInIndex = 0; lastKnownFileType = unknown; name = "Roboto-MediumItalic.ttf"; path = "../assets/fonts/Roboto-MediumItalic.ttf"; sourceTree = "<group>"; };
		D2AD95EEF7E44D1882294270 /* Roboto_SemiCondensed-Italic.ttf */ = {isa = PBXFileReference; explicitFileType = undefined; fileEncoding = 9; includeInIndex = 0; lastKnownFileType = unknown; name = "Roboto_SemiCondensed-Italic.ttf"; path = "../assets/fonts/Roboto_SemiCondensed-Italic.ttf"; sourceTree = "<group>"; };
		D33E48A4444945CA9C6381B9 /* Roboto_SemiCondensed-SemiBold.ttf */ = {isa = PBXFileReference; explicitFileType = undefined; fileEncoding = 9; includeInIndex = 0; lastKnownFileType = unknown; name = "Roboto_SemiCondensed-SemiBold.ttf"; path = "../assets/fonts/Roboto_SemiCondensed-SemiBold.ttf"; sourceTree = "<group>"; };
		E24D04AEF5064E72B19C9CF1 /* Roboto_Condensed-BlackItalic.ttf */ = {isa = PBXFileReference; explicitFileType = undefined; fileEncoding = 9; includeInIndex = 0; lastKnownFileType = unknown; name = "Roboto_Condensed-BlackItalic.ttf"; path = "../assets/fonts/Roboto_Condensed-BlackItalic.ttf"; sourceTree = "<group>"; };
		E9E24BEBA4A14029A41CE2A1 /* Roboto-Bold.ttf */ = {isa = PBXFileReference; explicitFileType = undefined; fileEncoding = 9; includeInIndex = 0; lastKnownFileType = unknown; name = "Roboto-Bold.ttf"; path = "../assets/fonts/Roboto-Bold.ttf"; sourceTree = "<group>"; };
		EAB742A516BE4BDD8F244874 /* Roboto_SemiCondensed-BlackItalic.ttf */ = {isa = PBXFileReference; explicitFileType = undefined; fileEncoding = 9; includeInIndex = 0; lastKnownFileType = unknown; name = "Roboto_SemiCondensed-BlackItalic.ttf"; path = "../assets/fonts/Roboto_SemiCondensed-BlackItalic.ttf"; sourceTree = "<group>"; };
		ED297162215061F000B7C4FE /* JavaScriptCore.framework */ = {isa = PBXFileReference; lastKnownFileType = wrapper.framework; name = JavaScriptCore.framework; path = System/Library/Frameworks/JavaScriptCore.framework; sourceTree = SDKROOT; };
		F000BBBE5E944FC7BC4EDD39 /* Roboto-ExtraLightItalic.ttf */ = {isa = PBXFileReference; explicitFileType = undefined; fileEncoding = 9; includeInIndex = 0; lastKnownFileType = unknown; name = "Roboto-ExtraLightItalic.ttf"; path = "../assets/fonts/Roboto-ExtraLightItalic.ttf"; sourceTree = "<group>"; };
		F0425E5CB58D4C09A7E7DB23 /* Roboto_Condensed-Italic.ttf */ = {isa = PBXFileReference; explicitFileType = undefined; fileEncoding = 9; includeInIndex = 0; lastKnownFileType = unknown; name = "Roboto_Condensed-Italic.ttf"; path = "../assets/fonts/Roboto_Condensed-Italic.ttf"; sourceTree = "<group>"; };
		F0A44B866A1E4ED1A68F87F5 /* Roboto_Condensed-SemiBold.ttf */ = {isa = PBXFileReference; explicitFileType = undefined; fileEncoding = 9; includeInIndex = 0; lastKnownFileType = unknown; name = "Roboto_Condensed-SemiBold.ttf"; path = "../assets/fonts/Roboto_Condensed-SemiBold.ttf"; sourceTree = "<group>"; };
/* End PBXFileReference section */

/* Begin PBXFrameworksBuildPhase section */
		13B07F8C1A680F5B00A75B9A /* Frameworks */ = {
			isa = PBXFrameworksBuildPhase;
			buildActionMask = 2147483647;
			files = (
				0C80B921A6F3F58F76C31292 /* libPods-todolist.a in Frameworks */,
			);
			runOnlyForDeploymentPostprocessing = 0;
		};
/* End PBXFrameworksBuildPhase section */

/* Begin PBXGroup section */
		13B07FAE1A68108700A75B9A /* todolist */ = {
			isa = PBXGroup;
			children = (
				13B07FB51A68108700A75B9A /* Images.xcassets */,
				761780EC2CA45674006654EE /* AppDelegate.swift */,
				13B07FB61A68108700A75B9A /* Info.plist */,
				81AB9BB72411601600AC10FF /* LaunchScreen.storyboard */,
				13B07FB81A68108700A75B9A /* PrivacyInfo.xcprivacy */,
			);
			name = todolist;
			sourceTree = "<group>";
		};
		2D16E6871FA4F8E400B85C8A /* Frameworks */ = {
			isa = PBXGroup;
			children = (
				ED297162215061F000B7C4FE /* JavaScriptCore.framework */,
				5DCACB8F33CDC322A6C60F78 /* libPods-todolist.a */,
			);
			name = Frameworks;
			sourceTree = "<group>";
		};
		832341AE1AAA6A7D00B99B32 /* Libraries */ = {
			isa = PBXGroup;
			children = (
			);
			name = Libraries;
			sourceTree = "<group>";
		};
		83CBB9F61A601CBA00E9B192 = {
			isa = PBXGroup;
			children = (
				13B07FAE1A68108700A75B9A /* todolist */,
				832341AE1AAA6A7D00B99B32 /* Libraries */,
				83CBBA001A601CBA00E9B192 /* Products */,
				2D16E6871FA4F8E400B85C8A /* Frameworks */,
				BBD78D7AC51CEA395F1C20DB /* Pods */,
				DDAB18D68AE043F6802CD085 /* Resources */,
			);
			indentWidth = 2;
			sourceTree = "<group>";
			tabWidth = 2;
			usesTabs = 0;
		};
		83CBBA001A601CBA00E9B192 /* Products */ = {
			isa = PBXGroup;
			children = (
				13B07F961A680F5B00A75B9A /* todolist.app */,
			);
			name = Products;
			sourceTree = "<group>";
		};
		BBD78D7AC51CEA395F1C20DB /* Pods */ = {
			isa = PBXGroup;
			children = (
				3B4392A12AC88292D35C810B /* Pods-todolist.debug.xcconfig */,
				5709B34CF0A7D63546082F79 /* Pods-todolist.release.xcconfig */,
			);
			path = Pods;
			sourceTree = "<group>";
		};
		DDAB18D68AE043F6802CD085 /* Resources */ = {
			isa = PBXGroup;
			children = (
				1DE5C885D05B460CA29D78A6 /* Roboto-Black.ttf */,
				2A369DBCC4EF48B1A73325D0 /* Roboto-BlackItalic.ttf */,
				E9E24BEBA4A14029A41CE2A1 /* Roboto-Bold.ttf */,
				BB51C6D106F448B5B72FA983 /* Roboto-BoldItalic.ttf */,
				4110CBF0B69A40F0A3CAF99B /* Roboto-ExtraBold.ttf */,
				3223CBA4715F46B082FDD17D /* Roboto-ExtraBoldItalic.ttf */,
				AD250BC0B4B44C1594248F17 /* Roboto-ExtraLight.ttf */,
				F000BBBE5E944FC7BC4EDD39 /* Roboto-ExtraLightItalic.ttf */,
				44ED23987A874FB19E5F52C3 /* Roboto-Italic.ttf */,
				B4066A299E324563958BA248 /* Roboto-Light.ttf */,
				9C77BBCDA8AB4F7C8B3D13E2 /* Roboto-LightItalic.ttf */,
				B537AF22B1D94ABCBBCA8450 /* Roboto-Medium.ttf */,
				D0FAA586605A4405AF0A20B1 /* Roboto-MediumItalic.ttf */,
				8AE416D4B7134A929F7FA33E /* Roboto-Regular.ttf */,
				1657B339E0234A9681F820F3 /* Roboto-SemiBold.ttf */,
				8D0C56DBD34F42D38498FB0F /* Roboto-SemiBoldItalic.ttf */,
				48D1D8E193B647D18AC3F208 /* Roboto-Thin.ttf */,
				5F9F0FA2F5C247A5B57C6EFC /* Roboto-ThinItalic.ttf */,
				B566493A6665484DB1DF2880 /* Roboto_Condensed-Black.ttf */,
				E24D04AEF5064E72B19C9CF1 /* Roboto_Condensed-BlackItalic.ttf */,
				CB3B7A1851E843CE817D041A /* Roboto_Condensed-Bold.ttf */,
				5A5B88AB5195462CA38788A3 /* Roboto_Condensed-BoldItalic.ttf */,
				56B40B1BA7CC4053AB659822 /* Roboto_Condensed-ExtraBold.ttf */,
				C2DEF91A9E2447F8AB2EDE06 /* Roboto_Condensed-ExtraBoldItalic.ttf */,
				9B925C2B2A204BA891B6E34D /* Roboto_Condensed-ExtraLight.ttf */,
				0BB504140A904C41A3C01E37 /* Roboto_Condensed-ExtraLightItalic.ttf */,
				F0425E5CB58D4C09A7E7DB23 /* Roboto_Condensed-Italic.ttf */,
				870CF482CE5F4060A4B438CA /* Roboto_Condensed-Light.ttf */,
				338F09A603634E8D86DE5431 /* Roboto_Condensed-LightItalic.ttf */,
				8667BD882CCF48C49010F9D5 /* Roboto_Condensed-Medium.ttf */,
				A561F899376641F1AF0EC42D /* Roboto_Condensed-MediumItalic.ttf */,
				A7C87477383C40D38494F955 /* Roboto_Condensed-Regular.ttf */,
				F0A44B866A1E4ED1A68F87F5 /* Roboto_Condensed-SemiBold.ttf */,
				2CEE1B93F3924CB6AF590026 /* Roboto_Condensed-SemiBoldItalic.ttf */,
				7D833F65C8D443A79B49B968 /* Roboto_Condensed-Thin.ttf */,
				AD9DE22713B046DB90B4E5C9 /* Roboto_Condensed-ThinItalic.ttf */,
				2CD680271F03449494EAA5BE /* Roboto_SemiCondensed-Black.ttf */,
				EAB742A516BE4BDD8F244874 /* Roboto_SemiCondensed-BlackItalic.ttf */,
				7F9BCA32026E4B568F3C41C8 /* Roboto_SemiCondensed-Bold.ttf */,
				167F17052AB84222958E026A /* Roboto_SemiCondensed-BoldItalic.ttf */,
				18C215DD2FE04788B03EB9E9 /* Roboto_SemiCondensed-ExtraBold.ttf */,
				AE155C6C7B6545319F6BBC2D /* Roboto_SemiCondensed-ExtraBoldItalic.ttf */,
				99A3CD7B950247EE97D62DEB /* Roboto_SemiCondensed-ExtraLight.ttf */,
				0B5414E312644C889FDD8C0A /* Roboto_SemiCondensed-ExtraLightItalic.ttf */,
				D2AD95EEF7E44D1882294270 /* Roboto_SemiCondensed-Italic.ttf */,
				694E8D4A8AE54B5CA070789D /* Roboto_SemiCondensed-Light.ttf */,
				0EF499A9D9CF4CD193D64ACD /* Roboto_SemiCondensed-LightItalic.ttf */,
				41F4A91D38C140558E352F67 /* Roboto_SemiCondensed-Medium.ttf */,
				AA858A62CCD340FD9EF1653F /* Roboto_SemiCondensed-MediumItalic.ttf */,
				3F66938F2CBF4EFCB988D143 /* Roboto_SemiCondensed-Regular.ttf */,
				D33E48A4444945CA9C6381B9 /* Roboto_SemiCondensed-SemiBold.ttf */,
				B1768AA642C74D63BD19A093 /* Roboto_SemiCondensed-SemiBoldItalic.ttf */,
				77D7D9C1D8BD4F36AEAB83F9 /* Roboto_SemiCondensed-Thin.ttf */,
				47A06763A7754F4EA3047D1E /* Roboto_SemiCondensed-ThinItalic.ttf */,
			);
			name = Resources;
			sourceTree = "<group>";
		};
/* End PBXGroup section */

/* Begin PBXNativeTarget section */
		13B07F861A680F5B00A75B9A /* todolist */ = {
			isa = PBXNativeTarget;
			buildConfigurationList = 13B07F931A680F5B00A75B9A /* Build configuration list for PBXNativeTarget "todolist" */;
			buildPhases = (
				C38B50BA6285516D6DCD4F65 /* [CP] Check Pods Manifest.lock */,
				13B07F871A680F5B00A75B9A /* Sources */,
				13B07F8C1A680F5B00A75B9A /* Frameworks */,
				13B07F8E1A680F5B00A75B9A /* Resources */,
				00DD1BFF1BD5951E006B06BC /* Bundle React Native code and images */,
				00EEFC60759A1932668264C0 /* [CP] Embed Pods Frameworks */,
				E235C05ADACE081382539298 /* [CP] Copy Pods Resources */,
			);
			buildRules = (
			);
			dependencies = (
			);
			name = todolist;
			productName = todolist;
			productReference = 13B07F961A680F5B00A75B9A /* todolist.app */;
			productType = "com.apple.product-type.application";
		};
/* End PBXNativeTarget section */

/* Begin PBXProject section */
		83CBB9F71A601CBA00E9B192 /* Project object */ = {
			isa = PBXProject;
			attributes = {
				LastUpgradeCheck = 1210;
				TargetAttributes = {
					13B07F861A680F5B00A75B9A = {
						LastSwiftMigration = 1120;
					};
				};
			};
			buildConfigurationList = 83CBB9FA1A601CBA00E9B192 /* Build configuration list for PBXProject "todolist" */;
			compatibilityVersion = "Xcode 12.0";
			developmentRegion = en;
			hasScannedForEncodings = 0;
			knownRegions = (
				en,
				Base,
			);
			mainGroup = 83CBB9F61A601CBA00E9B192;
			productRefGroup = 83CBBA001A601CBA00E9B192 /* Products */;
			projectDirPath = "";
			projectRoot = "";
			targets = (
				13B07F861A680F5B00A75B9A /* todolist */,
			);
		};
/* End PBXProject section */

/* Begin PBXResourcesBuildPhase section */
		13B07F8E1A680F5B00A75B9A /* Resources */ = {
			isa = PBXResourcesBuildPhase;
			buildActionMask = 2147483647;
			files = (
				81AB9BB82411601600AC10FF /* LaunchScreen.storyboard in Resources */,
				13B07FBF1A68108700A75B9A /* Images.xcassets in Resources */,
				C5E773722EA83220882312A7 /* PrivacyInfo.xcprivacy in Resources */,
				7BEA606578314196869AA654 /* Roboto-Black.ttf in Resources */,
				98353F759E974E69B5C1570F /* Roboto-BlackItalic.ttf in Resources */,
				3FB19525F3AA429BAC1542FA /* Roboto-Bold.ttf in Resources */,
				4C953846B84F4446B8C56064 /* Roboto-BoldItalic.ttf in Resources */,
				0CAD148A15024E298DF37BA4 /* Roboto-ExtraBold.ttf in Resources */,
				9AD3EFDDE82147D99BBD67A0 /* Roboto-ExtraBoldItalic.ttf in Resources */,
				6FEEF7AC7C2B4A268F005D2A /* Roboto-ExtraLight.ttf in Resources */,
				C3E0A46712D249959423B8BE /* Roboto-ExtraLightItalic.ttf in Resources */,
				7AA48FD49B5C4D1D984DC89B /* Roboto-Italic.ttf in Resources */,
				57BCA3FFF51D45ADBAB418D6 /* Roboto-Light.ttf in Resources */,
				B8CBB34E460B40BDBC67681B /* Roboto-LightItalic.ttf in Resources */,
				5BEBA555193646A0AA9F4D28 /* Roboto-Medium.ttf in Resources */,
				AD6AC07743234419B5C7B357 /* Roboto-MediumItalic.ttf in Resources */,
				40A27E3CC2644F5B8A86E867 /* Roboto-Regular.ttf in Resources */,
				5602E41D72FE4C5190F0319E /* Roboto-SemiBold.ttf in Resources */,
				BBE83961E7CC4905B17D5B87 /* Roboto-SemiBoldItalic.ttf in Resources */,
				1987CCDE883646AF94A6E58C /* Roboto-Thin.ttf in Resources */,
				751B040A38E644378E8C1EDC /* Roboto-ThinItalic.ttf in Resources */,
				292F807AC9AA4C5188F636D0 /* Roboto_Condensed-Black.ttf in Resources */,
				237BAAC30AE544699D472BA7 /* Roboto_Condensed-BlackItalic.ttf in Resources */,
				E253AAB4E26644DBAE000083 /* Roboto_Condensed-Bold.ttf in Resources */,
				672EBC0B87944C88AC567E08 /* Roboto_Condensed-BoldItalic.ttf in Resources */,
				347AF5A14A564AC390798D89 /* Roboto_Condensed-ExtraBold.ttf in Resources */,
				2FE1B1E93C484880B4A6D783 /* Roboto_Condensed-ExtraBoldItalic.ttf in Resources */,
				C569EA4CBDA84FC9AC5659A4 /* Roboto_Condensed-ExtraLight.ttf in Resources */,
				D9D6CAD3CE7D4B8DB023A0A3 /* Roboto_Condensed-ExtraLightItalic.ttf in Resources */,
				58293F18E8664D259A142126 /* Roboto_Condensed-Italic.ttf in Resources */,
				1F0BC3A8C68D4D7ABC7ABA87 /* Roboto_Condensed-Light.ttf in Resources */,
				D229030F0A154BA3B43028B2 /* Roboto_Condensed-LightItalic.ttf in Resources */,
				E72E7B0CA8C141AAA7E64ECD /* Roboto_Condensed-Medium.ttf in Resources */,
				36BCED75EB6841BFBCF743E9 /* Roboto_Condensed-MediumItalic.ttf in Resources */,
				D6F6ECBAD0804EEEADE0BC54 /* Roboto_Condensed-Regular.ttf in Resources */,
				1FA14008DFE7404695EB4E49 /* Roboto_Condensed-SemiBold.ttf in Resources */,
				017489EA122F4B46B8537C4D /* Roboto_Condensed-SemiBoldItalic.ttf in Resources */,
				BDA579D8FEE94765B71A5660 /* Roboto_Condensed-Thin.ttf in Resources */,
				9FAEEDF41EBD46E2885A39A5 /* Roboto_Condensed-ThinItalic.ttf in Resources */,
				4819677E13B9426EAD644D96 /* Roboto_SemiCondensed-Black.ttf in Resources */,
				918FFE05D47D47C2987B2925 /* Roboto_SemiCondensed-BlackItalic.ttf in Resources */,
				EA7F1F0250424DB3866D569D /* Roboto_SemiCondensed-Bold.ttf in Resources */,
				FA707A1DDE054201A56751B8 /* Roboto_SemiCondensed-BoldItalic.ttf in Resources */,
				0116A71FBC67415D88CE3AAC /* Roboto_SemiCondensed-ExtraBold.ttf in Resources */,
				4F399E735C0344E289ECF625 /* Roboto_SemiCondensed-ExtraBoldItalic.ttf in Resources */,
				23E8BD01FC52425986338F62 /* Roboto_SemiCondensed-ExtraLight.ttf in Resources */,
				83A23F4C9D1C4E6BA418FC2F /* Roboto_SemiCondensed-ExtraLightItalic.ttf in Resources */,
				0B908309A5F7451C9C226FD3 /* Roboto_SemiCondensed-Italic.ttf in Resources */,
				D7A1E717D155409A9483CBCE /* Roboto_SemiCondensed-Light.ttf in Resources */,
				56E58E0FBBA742CB8A3437A3 /* Roboto_SemiCondensed-LightItalic.ttf in Resources */,
				F488985B2B1A44AFB2840508 /* Roboto_SemiCondensed-Medium.ttf in Resources */,
				21C0638699B54A618B037310 /* Roboto_SemiCondensed-MediumItalic.ttf in Resources */,
				D531DAC1B5B04A51A611284E /* Roboto_SemiCondensed-Regular.ttf in Resources */,
				470937D3FADF4EB59279F37E /* Roboto_SemiCondensed-SemiBold.ttf in Resources */,
				628E7B523B044CF8B8694003 /* Roboto_SemiCondensed-SemiBoldItalic.ttf in Resources */,
				39B84EF776B1474C8CFB92A8 /* Roboto_SemiCondensed-Thin.ttf in Resources */,
				A36F89904E62419F8A6CA781 /* Roboto_SemiCondensed-ThinItalic.ttf in Resources */,
			);
			runOnlyForDeploymentPostprocessing = 0;
		};
/* End PBXResourcesBuildPhase section */

/* Begin PBXShellScriptBuildPhase section */
		00DD1BFF1BD5951E006B06BC /* Bundle React Native code and images */ = {
			isa = PBXShellScriptBuildPhase;
			buildActionMask = 2147483647;
			files = (
			);
			inputPaths = (
				"$(SRCROOT)/.xcode.env.local",
				"$(SRCROOT)/.xcode.env",
			);
			name = "Bundle React Native code and images";
			outputPaths = (
			);
			runOnlyForDeploymentPostprocessing = 0;
			shellPath = /bin/sh;
			shellScript = "set -e\n\nWITH_ENVIRONMENT=\"$REACT_NATIVE_PATH/scripts/xcode/with-environment.sh\"\nREACT_NATIVE_XCODE=\"$REACT_NATIVE_PATH/scripts/react-native-xcode.sh\"\n\n/bin/sh -c \"$WITH_ENVIRONMENT $REACT_NATIVE_XCODE\"\n";
		};
		00EEFC60759A1932668264C0 /* [CP] Embed Pods Frameworks */ = {
			isa = PBXShellScriptBuildPhase;
			buildActionMask = 2147483647;
			files = (
			);
			inputFileListPaths = (
				"${PODS_ROOT}/Target Support Files/Pods-todolist/Pods-todolist-frameworks-${CONFIGURATION}-input-files.xcfilelist",
			);
			name = "[CP] Embed Pods Frameworks";
			outputFileListPaths = (
				"${PODS_ROOT}/Target Support Files/Pods-todolist/Pods-todolist-frameworks-${CONFIGURATION}-output-files.xcfilelist",
			);
			runOnlyForDeploymentPostprocessing = 0;
			shellPath = /bin/sh;
			shellScript = "\"${PODS_ROOT}/Target Support Files/Pods-todolist/Pods-todolist-frameworks.sh\"\n";
			showEnvVarsInLog = 0;
		};
		C38B50BA6285516D6DCD4F65 /* [CP] Check Pods Manifest.lock */ = {
			isa = PBXShellScriptBuildPhase;
			buildActionMask = 2147483647;
			files = (
			);
			inputFileListPaths = (
			);
			inputPaths = (
				"${PODS_PODFILE_DIR_PATH}/Podfile.lock",
				"${PODS_ROOT}/Manifest.lock",
			);
			name = "[CP] Check Pods Manifest.lock";
			outputFileListPaths = (
			);
			outputPaths = (
				"$(DERIVED_FILE_DIR)/Pods-todolist-checkManifestLockResult.txt",
			);
			runOnlyForDeploymentPostprocessing = 0;
			shellPath = /bin/sh;
			shellScript = "diff \"${PODS_PODFILE_DIR_PATH}/Podfile.lock\" \"${PODS_ROOT}/Manifest.lock\" > /dev/null\nif [ $? != 0 ] ; then\n    # print error to STDERR\n    echo \"error: The sandbox is not in sync with the Podfile.lock. Run 'pod install' or update your CocoaPods installation.\" >&2\n    exit 1\nfi\n# This output is used by Xcode 'outputs' to avoid re-running this script phase.\necho \"SUCCESS\" > \"${SCRIPT_OUTPUT_FILE_0}\"\n";
			showEnvVarsInLog = 0;
		};
		E235C05ADACE081382539298 /* [CP] Copy Pods Resources */ = {
			isa = PBXShellScriptBuildPhase;
			buildActionMask = 2147483647;
			files = (
			);
			inputFileListPaths = (
				"${PODS_ROOT}/Target Support Files/Pods-todolist/Pods-todolist-resources-${CONFIGURATION}-input-files.xcfilelist",
			);
			name = "[CP] Copy Pods Resources";
			outputFileListPaths = (
				"${PODS_ROOT}/Target Support Files/Pods-todolist/Pods-todolist-resources-${CONFIGURATION}-output-files.xcfilelist",
			);
			runOnlyForDeploymentPostprocessing = 0;
			shellPath = /bin/sh;
			shellScript = "\"${PODS_ROOT}/Target Support Files/Pods-todolist/Pods-todolist-resources.sh\"\n";
			showEnvVarsInLog = 0;
		};
/* End PBXShellScriptBuildPhase section */

/* Begin PBXSourcesBuildPhase section */
		13B07F871A680F5B00A75B9A /* Sources */ = {
			isa = PBXSourcesBuildPhase;
			buildActionMask = 2147483647;
			files = (
				761780ED2CA45674006654EE /* AppDelegate.swift in Sources */,
			);
			runOnlyForDeploymentPostprocessing = 0;
		};
/* End PBXSourcesBuildPhase section */

/* Begin XCBuildConfiguration section */
		13B07F941A680F5B00A75B9A /* Debug */ = {
			isa = XCBuildConfiguration;
			baseConfigurationReference = 3B4392A12AC88292D35C810B /* Pods-todolist.debug.xcconfig */;
			buildSettings = {
				ASSETCATALOG_COMPILER_APPICON_NAME = AppIcon;
				CLANG_ENABLE_MODULES = YES;
				CURRENT_PROJECT_VERSION = 1;
				ENABLE_BITCODE = NO;
				INFOPLIST_FILE = todolist/Info.plist;
				IPHONEOS_DEPLOYMENT_TARGET = 17.6;
				LD_RUNPATH_SEARCH_PATHS = (
					"$(inherited)",
					"@executable_path/Frameworks",
				);
				MARKETING_VERSION = 1.0;
				OTHER_LDFLAGS = (
					"$(inherited)",
					"-ObjC",
					"-lc++",
				);
				PRODUCT_BUNDLE_IDENTIFIER = "org.reactjs.native.example.$(PRODUCT_NAME:rfc1034identifier)";
				PRODUCT_NAME = todolist;
				SWIFT_OPTIMIZATION_LEVEL = "-Onone";
				SWIFT_VERSION = 5.0;
				VERSIONING_SYSTEM = "apple-generic";
			};
			name = Debug;
		};
		13B07F951A680F5B00A75B9A /* Release */ = {
			isa = XCBuildConfiguration;
			baseConfigurationReference = 5709B34CF0A7D63546082F79 /* Pods-todolist.release.xcconfig */;
			buildSettings = {
				ASSETCATALOG_COMPILER_APPICON_NAME = AppIcon;
				CLANG_ENABLE_MODULES = YES;
				CURRENT_PROJECT_VERSION = 1;
				INFOPLIST_FILE = todolist/Info.plist;
				IPHONEOS_DEPLOYMENT_TARGET = 17.6;
				LD_RUNPATH_SEARCH_PATHS = (
					"$(inherited)",
					"@executable_path/Frameworks",
				);
				MARKETING_VERSION = 1.0;
				OTHER_LDFLAGS = (
					"$(inherited)",
					"-ObjC",
					"-lc++",
				);
				PRODUCT_BUNDLE_IDENTIFIER = "org.reactjs.native.example.$(PRODUCT_NAME:rfc1034identifier)";
				PRODUCT_NAME = todolist;
				SWIFT_VERSION = 5.0;
				VERSIONING_SYSTEM = "apple-generic";
			};
			name = Release;
		};
		83CBBA201A601CBA00E9B192 /* Debug */ = {
			isa = XCBuildConfiguration;
			buildSettings = {
				ALWAYS_SEARCH_USER_PATHS = NO;
				CLANG_ANALYZER_LOCALIZABILITY_NONLOCALIZED = YES;
				CLANG_CXX_LANGUAGE_STANDARD = "c++20";
				CLANG_CXX_LIBRARY = "libc++";
				CLANG_ENABLE_MODULES = YES;
				CLANG_ENABLE_OBJC_ARC = YES;
				CLANG_WARN_BLOCK_CAPTURE_AUTORELEASING = YES;
				CLANG_WARN_BOOL_CONVERSION = YES;
				CLANG_WARN_COMMA = YES;
				CLANG_WARN_CONSTANT_CONVERSION = YES;
				CLANG_WARN_DEPRECATED_OBJC_IMPLEMENTATIONS = YES;
				CLANG_WARN_DIRECT_OBJC_ISA_USAGE = YES_ERROR;
				CLANG_WARN_EMPTY_BODY = YES;
				CLANG_WARN_ENUM_CONVERSION = YES;
				CLANG_WARN_INFINITE_RECURSION = YES;
				CLANG_WARN_INT_CONVERSION = YES;
				CLANG_WARN_NON_LITERAL_NULL_CONVERSION = YES;
				CLANG_WARN_OBJC_IMPLICIT_RETAIN_SELF = YES;
				CLANG_WARN_OBJC_LITERAL_CONVERSION = YES;
				CLANG_WARN_OBJC_ROOT_CLASS = YES_ERROR;
				CLANG_WARN_QUOTED_INCLUDE_IN_FRAMEWORK_HEADER = YES;
				CLANG_WARN_RANGE_LOOP_ANALYSIS = YES;
				CLANG_WARN_STRICT_PROTOTYPES = YES;
				CLANG_WARN_SUSPICIOUS_MOVE = YES;
				CLANG_WARN_UNREACHABLE_CODE = YES;
				CLANG_WARN__DUPLICATE_METHOD_MATCH = YES;
				"CODE_SIGN_IDENTITY[sdk=iphoneos*]" = "iPhone Developer";
				COPY_PHASE_STRIP = NO;
				ENABLE_STRICT_OBJC_MSGSEND = YES;
				ENABLE_TESTABILITY = YES;
				"EXCLUDED_ARCHS[sdk=iphonesimulator*]" = "";
				GCC_C_LANGUAGE_STANDARD = gnu99;
				GCC_DYNAMIC_NO_PIC = NO;
				GCC_NO_COMMON_BLOCKS = YES;
				GCC_OPTIMIZATION_LEVEL = 0;
				GCC_PREPROCESSOR_DEFINITIONS = (
					"DEBUG=1",
					"$(inherited)",
				);
				GCC_SYMBOLS_PRIVATE_EXTERN = NO;
				GCC_WARN_64_TO_32_BIT_CONVERSION = YES;
				GCC_WARN_ABOUT_RETURN_TYPE = YES_ERROR;
				GCC_WARN_UNDECLARED_SELECTOR = YES;
				GCC_WARN_UNINITIALIZED_AUTOS = YES_AGGRESSIVE;
				GCC_WARN_UNUSED_FUNCTION = YES;
				GCC_WARN_UNUSED_VARIABLE = YES;
				IPHONEOS_DEPLOYMENT_TARGET = 15.1;
				LD_RUNPATH_SEARCH_PATHS = (
					/usr/lib/swift,
					"$(inherited)",
				);
				LIBRARY_SEARCH_PATHS = (
					"\"$(SDKROOT)/usr/lib/swift\"",
					"\"$(TOOLCHAIN_DIR)/usr/lib/swift/$(PLATFORM_NAME)\"",
					"\"$(inherited)\"",
				);
				MTL_ENABLE_DEBUG_INFO = YES;
				ONLY_ACTIVE_ARCH = YES;
				OTHER_CPLUSPLUSFLAGS = (
					"$(OTHER_CFLAGS)",
					"-DFOLLY_NO_CONFIG",
					"-DFOLLY_MOBILE=1",
					"-DFOLLY_USE_LIBCPP=1",
					"-DFOLLY_CFG_NO_COROUTINES=1",
					"-DFOLLY_HAVE_CLOCK_GETTIME=1",
				);
				REACT_NATIVE_PATH = "${PODS_ROOT}/../../node_modules/react-native";
				SDKROOT = iphoneos;
				SWIFT_ACTIVE_COMPILATION_CONDITIONS = "$(inherited) DEBUG";
				USE_HERMES = true;
			};
			name = Debug;
		};
		83CBBA211A601CBA00E9B192 /* Release */ = {
			isa = XCBuildConfiguration;
			buildSettings = {
				ALWAYS_SEARCH_USER_PATHS = NO;
				CLANG_ANALYZER_LOCALIZABILITY_NONLOCALIZED = YES;
				CLANG_CXX_LANGUAGE_STANDARD = "c++20";
				CLANG_CXX_LIBRARY = "libc++";
				CLANG_ENABLE_MODULES = YES;
				CLANG_ENABLE_OBJC_ARC = YES;
				CLANG_WARN_BLOCK_CAPTURE_AUTORELEASING = YES;
				CLANG_WARN_BOOL_CONVERSION = YES;
				CLANG_WARN_COMMA = YES;
				CLANG_WARN_CONSTANT_CONVERSION = YES;
				CLANG_WARN_DEPRECATED_OBJC_IMPLEMENTATIONS = YES;
				CLANG_WARN_DIRECT_OBJC_ISA_USAGE = YES_ERROR;
				CLANG_WARN_EMPTY_BODY = YES;
				CLANG_WARN_ENUM_CONVERSION = YES;
				CLANG_WARN_INFINITE_RECURSION = YES;
				CLANG_WARN_INT_CONVERSION = YES;
				CLANG_WARN_NON_LITERAL_NULL_CONVERSION = YES;
				CLANG_WARN_OBJC_IMPLICIT_RETAIN_SELF = YES;
				CLANG_WARN_OBJC_LITERAL_CONVERSION = YES;
				CLANG_WARN_OBJC_ROOT_CLASS = YES_ERROR;
				CLANG_WARN_QUOTED_INCLUDE_IN_FRAMEWORK_HEADER = YES;
				CLANG_WARN_RANGE_LOOP_ANALYSIS = YES;
				CLANG_WARN_STRICT_PROTOTYPES = YES;
				CLANG_WARN_SUSPICIOUS_MOVE = YES;
				CLANG_WARN_UNREACHABLE_CODE = YES;
				CLANG_WARN__DUPLICATE_METHOD_MATCH = YES;
				"CODE_SIGN_IDENTITY[sdk=iphoneos*]" = "iPhone Developer";
				COPY_PHASE_STRIP = YES;
				ENABLE_NS_ASSERTIONS = NO;
				ENABLE_STRICT_OBJC_MSGSEND = YES;
				"EXCLUDED_ARCHS[sdk=iphonesimulator*]" = "";
				GCC_C_LANGUAGE_STANDARD = gnu99;
				GCC_NO_COMMON_BLOCKS = YES;
				GCC_WARN_64_TO_32_BIT_CONVERSION = YES;
				GCC_WARN_ABOUT_RETURN_TYPE = YES_ERROR;
				GCC_WARN_UNDECLARED_SELECTOR = YES;
				GCC_WARN_UNINITIALIZED_AUTOS = YES_AGGRESSIVE;
				GCC_WARN_UNUSED_FUNCTION = YES;
				GCC_WARN_UNUSED_VARIABLE = YES;
				IPHONEOS_DEPLOYMENT_TARGET = 15.1;
				LD_RUNPATH_SEARCH_PATHS = (
					/usr/lib/swift,
					"$(inherited)",
				);
				LIBRARY_SEARCH_PATHS = (
					"\"$(SDKROOT)/usr/lib/swift\"",
					"\"$(TOOLCHAIN_DIR)/usr/lib/swift/$(PLATFORM_NAME)\"",
					"\"$(inherited)\"",
				);
				MTL_ENABLE_DEBUG_INFO = NO;
				OTHER_CPLUSPLUSFLAGS = (
					"$(OTHER_CFLAGS)",
					"-DFOLLY_NO_CONFIG",
					"-DFOLLY_MOBILE=1",
					"-DFOLLY_USE_LIBCPP=1",
					"-DFOLLY_CFG_NO_COROUTINES=1",
					"-DFOLLY_HAVE_CLOCK_GETTIME=1",
				);
				REACT_NATIVE_PATH = "${PODS_ROOT}/../../node_modules/react-native";
				SDKROOT = iphoneos;
				USE_HERMES = true;
				VALIDATE_PRODUCT = YES;
			};
			name = Release;
		};
/* End XCBuildConfiguration section */

/* Begin XCConfigurationList section */
		13B07F931A680F5B00A75B9A /* Build configuration list for PBXNativeTarget "todolist" */ = {
			isa = XCConfigurationList;
			buildConfigurations = (
				13B07F941A680F5B00A75B9A /* Debug */,
				13B07F951A680F5B00A75B9A /* Release */,
			);
			defaultConfigurationIsVisible = 0;
			defaultConfigurationName = Release;
		};
		83CBB9FA1A601CBA00E9B192 /* Build configuration list for PBXProject "todolist" */ = {
			isa = XCConfigurationList;
			buildConfigurations = (
				83CBBA201A601CBA00E9B192 /* Debug */,
				83CBBA211A601CBA00E9B192 /* Release */,
			);
			defaultConfigurationIsVisible = 0;
			defaultConfigurationName = Release;
		};
/* End XCConfigurationList section */
	};
	rootObject = 83CBB9F71A601CBA00E9B192 /* Project object */;
}
